
Microsoft Visual Studio Solution File, Format Version 12.00
# Visual Studio Version 17
VisualStudioVersion = 17.8.34525.116
MinimumVisualStudioVersion = 10.0.40219.1
Project("{9A19103F-16F7-4668-BE54-9A1E7A4F7556}") = "scrape-collector", "scrape-collector\scrape-collector.csproj", "{9CB7D8B0-CAD5-4781-80E6-9937A28D64A1}"
EndProject
Project("{FAE04EC0-301F-11D3-BF4B-00C04F79EFBC}") = "scrape-collector.Tests", "scrape-collector.Tests\scrape-collector.Tests.csproj", "{C56D0509-B32C-4FF0-8E55-FDC99B1C397E}"
EndProject
Global
	GlobalSection(SolutionConfigurationPlatforms) = preSolution
		Debug|Any CPU = Debug|Any CPU
		Release|Any CPU = Release|Any CPU
	EndGlobalSection
	GlobalSection(ProjectConfigurationPlatforms) = postSolution
		{9CB7D8B0-CAD5-4781-80E6-9937A28D64A1}.Debug|Any CPU.ActiveCfg = Debug|Any CPU
		{9CB7D8B0-CAD5-4781-80E6-9937A28D64A1}.Debug|Any CPU.Build.0 = Debug|Any CPU
		{9CB7D8B0-CAD5-4781-80E6-9937A28D64A1}.Release|Any CPU.ActiveCfg = Release|Any CPU
		{9CB7D8B0-CAD5-4781-80E6-9937A28D64A1}.Release|Any CPU.Build.0 = Release|Any CPU
		{C56D0509-B32C-4FF0-8E55-FDC99B1C397E}.Debug|Any CPU.ActiveCfg = Debug|Any CPU
		{C56D0509-B32C-4FF0-8E55-FDC99B1C397E}.Debug|Any CPU.Build.0 = Debug|Any CPU
		{C56D0509-B32C-4FF0-8E55-FDC99B1C397E}.Release|Any CPU.ActiveCfg = Release|Any CPU
		{C56D0509-B32C-4FF0-8E55-FDC99B1C397E}.Release|Any CPU.Build.0 = Release|Any CPU
	EndGlobalSection
	GlobalSection(SolutionProperties) = preSolution
		HideSolutionNode = FALSE
	EndGlobalSection
	GlobalSection(ExtensibilityGlobals) = postSolution
		SolutionGuid = {AB73DD79-2A97-466F-A534-1C471DA501B0}
	EndGlobalSection
EndGlobal
